
Microsoft Visual Studio Solution File, Format Version 12.00
# Visual Studio Version 17
VisualStudioVersion = 17.8.34330.188
MinimumVisualStudioVersion = 10.0.40219.1
Project("{FAE04EC0-301F-11D3-BF4B-00C04F79EFBC}") = "13_12_23_02", "13_12_23_02.csproj", "{C2BF22AD-962C-4A2F-B58A-93D0A9CA55BE}"
EndProject
Global
	GlobalSection(SolutionConfigurationPlatforms) = preSolution
		Debug|Any CPU = Debug|Any CPU
		Release|Any CPU = Release|Any CPU
	EndGlobalSection
	GlobalSection(ProjectConfigurationPlatforms) = postSolution
		{C2BF22AD-962C-4A2F-B58A-93D0A9CA55BE}.Debug|Any CPU.ActiveCfg = Debug|Any CPU
		{C2BF22AD-962C-4A2F-B58A-93D0A9CA55BE}.Debug|Any CPU.Build.0 = Debug|Any CPU
		{C2BF22AD-962C-4A2F-B58A-93D0A9CA55BE}.Release|Any CPU.ActiveCfg = Release|Any CPU
		{C2BF22AD-962C-4A2F-B58A-93D0A9CA55BE}.Release|Any CPU.Build.0 = Release|Any CPU
	EndGlobalSection
	GlobalSection(SolutionProperties) = preSolution
		HideSolutionNode = FALSE
	EndGlobalSection
	GlobalSection(ExtensibilityGlobals) = postSolution
		SolutionGuid = {BCC2CCB5-1632-43B2-BB9C-DBAA6E1E84FF}
	EndGlobalSection
EndGlobal
