
Microsoft Visual Studio Solution File, Format Version 12.00
# Visual Studio Version 17
VisualStudioVersion = 17.7.34024.191
MinimumVisualStudioVersion = 10.0.40219.1
Project("{FAE04EC0-301F-11D3-BF4B-00C04F79EFBC}") = "02_10_23_form_app_001", "02_10_23_form_app_001\02_10_23_form_app_001.csproj", "{DB9C4602-38D7-45DA-B419-082488D872BD}"
EndProject
Global
	GlobalSection(SolutionConfigurationPlatforms) = preSolution
		Debug|Any CPU = Debug|Any CPU
		Release|Any CPU = Release|Any CPU
	EndGlobalSection
	GlobalSection(ProjectConfigurationPlatforms) = postSolution
		{DB9C4602-38D7-45DA-B419-082488D872BD}.Debug|Any CPU.ActiveCfg = Debug|Any CPU
		{DB9C4602-38D7-45DA-B419-082488D872BD}.Debug|Any CPU.Build.0 = Debug|Any CPU
		{DB9C4602-38D7-45DA-B419-082488D872BD}.Release|Any CPU.ActiveCfg = Release|Any CPU
		{DB9C4602-38D7-45DA-B419-082488D872BD}.Release|Any CPU.Build.0 = Release|Any CPU
	EndGlobalSection
	GlobalSection(SolutionProperties) = preSolution
		HideSolutionNode = FALSE
	EndGlobalSection
	GlobalSection(ExtensibilityGlobals) = postSolution
		SolutionGuid = {B2E58E1F-2064-4194-942A-0AB91EBB1A28}
	EndGlobalSection
EndGlobal
