
Microsoft Visual Studio Solution File, Format Version 12.00
# Visual Studio Version 17
VisualStudioVersion = 17.7.34031.279
MinimumVisualStudioVersion = 10.0.40219.1
Project("{FAE04EC0-301F-11D3-BF4B-00C04F79EFBC}") = "16_10_23_02", "16_10_23_02.csproj", "{B48C3EEB-E13A-4E95-BA65-E3EDAEEDA328}"
EndProject
Global
	GlobalSection(SolutionConfigurationPlatforms) = preSolution
		Debug|Any CPU = Debug|Any CPU
		Release|Any CPU = Release|Any CPU
	EndGlobalSection
	GlobalSection(ProjectConfigurationPlatforms) = postSolution
		{B48C3EEB-E13A-4E95-BA65-E3EDAEEDA328}.Debug|Any CPU.ActiveCfg = Debug|Any CPU
		{B48C3EEB-E13A-4E95-BA65-E3EDAEEDA328}.Debug|Any CPU.Build.0 = Debug|Any CPU
		{B48C3EEB-E13A-4E95-BA65-E3EDAEEDA328}.Release|Any CPU.ActiveCfg = Release|Any CPU
		{B48C3EEB-E13A-4E95-BA65-E3EDAEEDA328}.Release|Any CPU.Build.0 = Release|Any CPU
	EndGlobalSection
	GlobalSection(SolutionProperties) = preSolution
		HideSolutionNode = FALSE
	EndGlobalSection
	GlobalSection(ExtensibilityGlobals) = postSolution
		SolutionGuid = {A575ED54-1DC6-4D81-9762-ABA8B37B4DCF}
	EndGlobalSection
EndGlobal
