
Microsoft Visual Studio Solution File, Format Version 12.00
# Visual Studio Version 17
VisualStudioVersion = 17.7.34221.43
MinimumVisualStudioVersion = 10.0.40219.1
Project("{FAE04EC0-301F-11D3-BF4B-00C04F79EFBC}") = "11_12_2023", "11_12_2023.csproj", "{A2AF50AE-BC69-4128-B18E-DB1841F1F56C}"
EndProject
Global
	GlobalSection(SolutionConfigurationPlatforms) = preSolution
		Debug|Any CPU = Debug|Any CPU
		Release|Any CPU = Release|Any CPU
	EndGlobalSection
	GlobalSection(ProjectConfigurationPlatforms) = postSolution
		{A2AF50AE-BC69-4128-B18E-DB1841F1F56C}.Debug|Any CPU.ActiveCfg = Debug|Any CPU
		{A2AF50AE-BC69-4128-B18E-DB1841F1F56C}.Debug|Any CPU.Build.0 = Debug|Any CPU
		{A2AF50AE-BC69-4128-B18E-DB1841F1F56C}.Release|Any CPU.ActiveCfg = Release|Any CPU
		{A2AF50AE-BC69-4128-B18E-DB1841F1F56C}.Release|Any CPU.Build.0 = Release|Any CPU
	EndGlobalSection
	GlobalSection(SolutionProperties) = preSolution
		HideSolutionNode = FALSE
	EndGlobalSection
	GlobalSection(ExtensibilityGlobals) = postSolution
		SolutionGuid = {012F6A23-FEAC-4CB9-9E7C-FEC0A5019B36}
	EndGlobalSection
EndGlobal
