
Microsoft Visual Studio Solution File, Format Version 12.00
# Visual Studio Version 17
VisualStudioVersion = 17.7.34031.279
MinimumVisualStudioVersion = 10.0.40219.1
Project("{FAE04EC0-301F-11D3-BF4B-00C04F79EFBC}") = "UppercaseProgram", "UppercaseProgram.csproj", "{18433161-DC28-4071-A816-1BECEF3A92D9}"
EndProject
Global
	GlobalSection(SolutionConfigurationPlatforms) = preSolution
		Debug|Any CPU = Debug|Any CPU
		Release|Any CPU = Release|Any CPU
	EndGlobalSection
	GlobalSection(ProjectConfigurationPlatforms) = postSolution
		{18433161-DC28-4071-A816-1BECEF3A92D9}.Debug|Any CPU.ActiveCfg = Debug|Any CPU
		{18433161-DC28-4071-A816-1BECEF3A92D9}.Debug|Any CPU.Build.0 = Debug|Any CPU
		{18433161-DC28-4071-A816-1BECEF3A92D9}.Release|Any CPU.ActiveCfg = Release|Any CPU
		{18433161-DC28-4071-A816-1BECEF3A92D9}.Release|Any CPU.Build.0 = Release|Any CPU
	EndGlobalSection
	GlobalSection(SolutionProperties) = preSolution
		HideSolutionNode = FALSE
	EndGlobalSection
	GlobalSection(ExtensibilityGlobals) = postSolution
		SolutionGuid = {72357F38-FAB2-4F28-9A98-C9A461FD5B0C}
	EndGlobalSection
EndGlobal
