
Microsoft Visual Studio Solution File, Format Version 12.00
# Visual Studio Version 17
VisualStudioVersion = 17.7.34221.43
MinimumVisualStudioVersion = 10.0.40219.1
Project("{FAE04EC0-301F-11D3-BF4B-00C04F79EFBC}") = "04_12_2023", "04_12_2023.csproj", "{F883843F-10AD-4F03-8F53-DFE5A8A0413E}"
EndProject
Global
	GlobalSection(SolutionConfigurationPlatforms) = preSolution
		Debug|Any CPU = Debug|Any CPU
		Release|Any CPU = Release|Any CPU
	EndGlobalSection
	GlobalSection(ProjectConfigurationPlatforms) = postSolution
		{F883843F-10AD-4F03-8F53-DFE5A8A0413E}.Debug|Any CPU.ActiveCfg = Debug|Any CPU
		{F883843F-10AD-4F03-8F53-DFE5A8A0413E}.Debug|Any CPU.Build.0 = Debug|Any CPU
		{F883843F-10AD-4F03-8F53-DFE5A8A0413E}.Release|Any CPU.ActiveCfg = Release|Any CPU
		{F883843F-10AD-4F03-8F53-DFE5A8A0413E}.Release|Any CPU.Build.0 = Release|Any CPU
	EndGlobalSection
	GlobalSection(SolutionProperties) = preSolution
		HideSolutionNode = FALSE
	EndGlobalSection
	GlobalSection(ExtensibilityGlobals) = postSolution
		SolutionGuid = {0E274646-2C2A-49DD-9C15-9C7BECD0B2E4}
	EndGlobalSection
EndGlobal
