
Microsoft Visual Studio Solution File, Format Version 12.00
# Visual Studio Version 17
VisualStudioVersion = 17.7.34024.191
MinimumVisualStudioVersion = 10.0.40219.1
Project("{FAE04EC0-301F-11D3-BF4B-00C04F79EFBC}") = "omid_9_10_23", "omid_9_10_23.csproj", "{3E233C88-7A73-4E8E-9B67-59096F509421}"
EndProject
Global
	GlobalSection(SolutionConfigurationPlatforms) = preSolution
		Debug|Any CPU = Debug|Any CPU
		Release|Any CPU = Release|Any CPU
	EndGlobalSection
	GlobalSection(ProjectConfigurationPlatforms) = postSolution
		{3E233C88-7A73-4E8E-9B67-59096F509421}.Debug|Any CPU.ActiveCfg = Debug|Any CPU
		{3E233C88-7A73-4E8E-9B67-59096F509421}.Debug|Any CPU.Build.0 = Debug|Any CPU
		{3E233C88-7A73-4E8E-9B67-59096F509421}.Release|Any CPU.ActiveCfg = Release|Any CPU
		{3E233C88-7A73-4E8E-9B67-59096F509421}.Release|Any CPU.Build.0 = Release|Any CPU
	EndGlobalSection
	GlobalSection(SolutionProperties) = preSolution
		HideSolutionNode = FALSE
	EndGlobalSection
	GlobalSection(ExtensibilityGlobals) = postSolution
		SolutionGuid = {524EB6FA-85B9-4A38-9D5F-6CCE68238E47}
	EndGlobalSection
EndGlobal
