
Microsoft Visual Studio Solution File, Format Version 12.00
# Visual Studio Version 17
VisualStudioVersion = 17.7.34031.279
MinimumVisualStudioVersion = 10.0.40219.1
Project("{FAE04EC0-301F-11D3-BF4B-00C04F79EFBC}") = "WinFormsApp1", "WinFormsApp1.csproj", "{B1123A85-BF21-4389-B463-CD75F0961A76}"
EndProject
Global
	GlobalSection(SolutionConfigurationPlatforms) = preSolution
		Debug|Any CPU = Debug|Any CPU
		Release|Any CPU = Release|Any CPU
	EndGlobalSection
	GlobalSection(ProjectConfigurationPlatforms) = postSolution
		{B1123A85-BF21-4389-B463-CD75F0961A76}.Debug|Any CPU.ActiveCfg = Debug|Any CPU
		{B1123A85-BF21-4389-B463-CD75F0961A76}.Debug|Any CPU.Build.0 = Debug|Any CPU
		{B1123A85-BF21-4389-B463-CD75F0961A76}.Release|Any CPU.ActiveCfg = Release|Any CPU
		{B1123A85-BF21-4389-B463-CD75F0961A76}.Release|Any CPU.Build.0 = Release|Any CPU
	EndGlobalSection
	GlobalSection(SolutionProperties) = preSolution
		HideSolutionNode = FALSE
	EndGlobalSection
	GlobalSection(ExtensibilityGlobals) = postSolution
		SolutionGuid = {DE768F81-E162-42DF-ADE9-649CBDAF9FA5}
	EndGlobalSection
EndGlobal
