
Microsoft Visual Studio Solution File, Format Version 12.00
# Visual Studio Version 17
VisualStudioVersion = 17.7.34221.43
MinimumVisualStudioVersion = 10.0.40219.1
Project("{FAE04EC0-301F-11D3-BF4B-00C04F79EFBC}") = "Student_App_Info_Data", "Student_App_Info_Data.csproj", "{BF113730-03AF-455C-87F0-965724B30209}"
EndProject
Global
	GlobalSection(SolutionConfigurationPlatforms) = preSolution
		Debug|Any CPU = Debug|Any CPU
		Release|Any CPU = Release|Any CPU
	EndGlobalSection
	GlobalSection(ProjectConfigurationPlatforms) = postSolution
		{BF113730-03AF-455C-87F0-965724B30209}.Debug|Any CPU.ActiveCfg = Debug|Any CPU
		{BF113730-03AF-455C-87F0-965724B30209}.Debug|Any CPU.Build.0 = Debug|Any CPU
		{BF113730-03AF-455C-87F0-965724B30209}.Release|Any CPU.ActiveCfg = Release|Any CPU
		{BF113730-03AF-455C-87F0-965724B30209}.Release|Any CPU.Build.0 = Release|Any CPU
	EndGlobalSection
	GlobalSection(SolutionProperties) = preSolution
		HideSolutionNode = FALSE
	EndGlobalSection
	GlobalSection(ExtensibilityGlobals) = postSolution
		SolutionGuid = {12E71906-4143-449C-A816-7E26BD95CAB3}
	EndGlobalSection
EndGlobal
